
Microsoft Visual Studio Solution File, Format Version 12.00
# Visual Studio 15
VisualStudioVersion = 15.0.28010.2050
MinimumVisualStudioVersion = 10.0.40219.1
Project("{FAE04EC0-301F-11D3-BF4B-00C04F79EFBC}") = "CrossColoursCS", "CrossColoursCS\CrossColoursCS.csproj", "{69A7BAB3-500C-4745-9FD8-876BB7B2C41D}"
EndProject
Global
	GlobalSection(SolutionConfigurationPlatforms) = preSolution
		Debug|Any CPU = Debug|Any CPU
		Release|Any CPU = Release|Any CPU
	EndGlobalSection
	GlobalSection(ProjectConfigurationPlatforms) = postSolution
		{69A7BAB3-500C-4745-9FD8-876BB7B2C41D}.Debug|Any CPU.ActiveCfg = Debug|Any CPU
		{69A7BAB3-500C-4745-9FD8-876BB7B2C41D}.Debug|Any CPU.Build.0 = Debug|Any CPU
		{69A7BAB3-500C-4745-9FD8-876BB7B2C41D}.Release|Any CPU.ActiveCfg = Release|Any CPU
		{69A7BAB3-500C-4745-9FD8-876BB7B2C41D}.Release|Any CPU.Build.0 = Release|Any CPU
	EndGlobalSection
	GlobalSection(SolutionProperties) = preSolution
		HideSolutionNode = FALSE
	EndGlobalSection
	GlobalSection(ExtensibilityGlobals) = postSolution
		SolutionGuid = {6A7AB611-9841-4B8B-A84E-D8E76B5D2669}
	EndGlobalSection
EndGlobal
